
Microsoft Visual Studio Solution File, Format Version 12.00
# Visual Studio Version 16
VisualStudioVersion = 16.0.31424.327
MinimumVisualStudioVersion = 10.0.40219.1
Project("{9A19103F-16F7-4668-BE54-9A1E7A4F7556}") = "Bot", "Bot.csproj", "{107B5913-C1CA-47EB-BD7E-C70178BCDE5C}"
EndProject
Project("{FAE04EC0-301F-11D3-BF4B-00C04F79EFBC}") = "DBHelper", "..\DBHelper\DBHelper.csproj", "{2AA4BE4F-E4E4-4FE1-9A75-221E21B741B5}"
EndProject
Global
	GlobalSection(SolutionConfigurationPlatforms) = preSolution
		Debug|Any CPU = Debug|Any CPU
		Release|Any CPU = Release|Any CPU
	EndGlobalSection
	GlobalSection(ProjectConfigurationPlatforms) = postSolution
		{107B5913-C1CA-47EB-BD7E-C70178BCDE5C}.Debug|Any CPU.ActiveCfg = Debug|Any CPU
		{107B5913-C1CA-47EB-BD7E-C70178BCDE5C}.Debug|Any CPU.Build.0 = Debug|Any CPU
		{107B5913-C1CA-47EB-BD7E-C70178BCDE5C}.Release|Any CPU.ActiveCfg = Release|Any CPU
		{107B5913-C1CA-47EB-BD7E-C70178BCDE5C}.Release|Any CPU.Build.0 = Release|Any CPU
		{2AA4BE4F-E4E4-4FE1-9A75-221E21B741B5}.Debug|Any CPU.ActiveCfg = Debug|Any CPU
		{2AA4BE4F-E4E4-4FE1-9A75-221E21B741B5}.Debug|Any CPU.Build.0 = Debug|Any CPU
		{2AA4BE4F-E4E4-4FE1-9A75-221E21B741B5}.Release|Any CPU.ActiveCfg = Release|Any CPU
		{2AA4BE4F-E4E4-4FE1-9A75-221E21B741B5}.Release|Any CPU.Build.0 = Release|Any CPU
	EndGlobalSection
	GlobalSection(SolutionProperties) = preSolution
		HideSolutionNode = FALSE
	EndGlobalSection
	GlobalSection(ExtensibilityGlobals) = postSolution
		SolutionGuid = {FB43756F-32C9-42E1-8722-B8AF62B80BE2}
	EndGlobalSection
EndGlobal
